
Microsoft Visual Studio Solution File, Format Version 12.00
# Visual Studio Version 17
VisualStudioVersion = 17.11.35222.181
MinimumVisualStudioVersion = 10.0.40219.1
Project("{FAE04EC0-301F-11D3-BF4B-00C04F79EFBC}") = "G5_TPI_ClubDeportivo", "G5_TPI_ClubDeportivo\G5_TPI_ClubDeportivo.csproj", "{AC2B3662-85F2-4046-8B05-30AC9EAD5852}"
EndProject
Global
	GlobalSection(SolutionConfigurationPlatforms) = preSolution
		Debug|Any CPU = Debug|Any CPU
		Release|Any CPU = Release|Any CPU
	EndGlobalSection
	GlobalSection(ProjectConfigurationPlatforms) = postSolution
		{AC2B3662-85F2-4046-8B05-30AC9EAD5852}.Debug|Any CPU.ActiveCfg = Debug|Any CPU
		{AC2B3662-85F2-4046-8B05-30AC9EAD5852}.Debug|Any CPU.Build.0 = Debug|Any CPU
		{AC2B3662-85F2-4046-8B05-30AC9EAD5852}.Release|Any CPU.ActiveCfg = Release|Any CPU
		{AC2B3662-85F2-4046-8B05-30AC9EAD5852}.Release|Any CPU.Build.0 = Release|Any CPU
	EndGlobalSection
	GlobalSection(SolutionProperties) = preSolution
		HideSolutionNode = FALSE
	EndGlobalSection
	GlobalSection(ExtensibilityGlobals) = postSolution
		SolutionGuid = {E80BF48E-83AC-4AFF-B2AD-DE0828BC9F3E}
	EndGlobalSection
EndGlobal
